
Microsoft Visual Studio Solution File, Format Version 12.00
# Visual Studio Version 17
VisualStudioVersion = 17.11.35327.3
MinimumVisualStudioVersion = 10.0.40219.1
Project("{8BC9CEB8-8B4A-11D0-8D11-00A0C91BC942}") = "day01", "day01\day01.vcxproj", "{615F7FB3-33B9-4247-A78A-3EC93010EB02}"
EndProject
Global
	GlobalSection(SolutionConfigurationPlatforms) = preSolution
		Debug|x64 = Debug|x64
		Debug|x86 = Debug|x86
		Release|x64 = Release|x64
		Release|x86 = Release|x86
	EndGlobalSection
	GlobalSection(ProjectConfigurationPlatforms) = postSolution
		{615F7FB3-33B9-4247-A78A-3EC93010EB02}.Debug|x64.ActiveCfg = Debug|x64
		{615F7FB3-33B9-4247-A78A-3EC93010EB02}.Debug|x64.Build.0 = Debug|x64
		{615F7FB3-33B9-4247-A78A-3EC93010EB02}.Debug|x86.ActiveCfg = Debug|Win32
		{615F7FB3-33B9-4247-A78A-3EC93010EB02}.Debug|x86.Build.0 = Debug|Win32
		{615F7FB3-33B9-4247-A78A-3EC93010EB02}.Release|x64.ActiveCfg = Release|x64
		{615F7FB3-33B9-4247-A78A-3EC93010EB02}.Release|x64.Build.0 = Release|x64
		{615F7FB3-33B9-4247-A78A-3EC93010EB02}.Release|x86.ActiveCfg = Release|Win32
		{615F7FB3-33B9-4247-A78A-3EC93010EB02}.Release|x86.Build.0 = Release|Win32
	EndGlobalSection
	GlobalSection(SolutionProperties) = preSolution
		HideSolutionNode = FALSE
	EndGlobalSection
	GlobalSection(ExtensibilityGlobals) = postSolution
		SolutionGuid = {88A1BAAD-8699-40DA-91BC-1B193AB63E8B}
	EndGlobalSection
EndGlobal
